
Microsoft Visual Studio Solution File, Format Version 12.00
# Visual Studio Version 17
VisualStudioVersion = 17.14.36616.10 d17.14
MinimumVisualStudioVersion = 10.0.40219.1
Project("{FAE04EC0-301F-11D3-BF4B-00C04F79EFBC}") = "MyGuitarShop.Api", "MyGuitarShop.Api\MyGuitarShop.Api.csproj", "{D56E6932-E2DE-441F-ACB4-6A55BFD22710}"
EndProject
Project("{FAE04EC0-301F-11D3-BF4B-00C04F79EFBC}") = "MyGuitarShop.Common", "MyGuitarShop.Common\MyGuitarShop.Common.csproj", "{9C52157F-AEBA-4397-A8F9-D8C816BAEA47}"
EndProject
Project("{FAE04EC0-301F-11D3-BF4B-00C04F79EFBC}") = "MyGuitarShop.Data.Ado", "MyGuitarShop.Data.Ado\MyGuitarShop.Data.Ado.csproj", "{C3672AB3-D85D-4197-AA64-EE3D5F55E08A}"
EndProject
Global
	GlobalSection(SolutionConfigurationPlatforms) = preSolution
		Debug|Any CPU = Debug|Any CPU
		Release|Any CPU = Release|Any CPU
	EndGlobalSection
	GlobalSection(ProjectConfigurationPlatforms) = postSolution
		{D56E6932-E2DE-441F-ACB4-6A55BFD22710}.Debug|Any CPU.ActiveCfg = Debug|Any CPU
		{D56E6932-E2DE-441F-ACB4-6A55BFD22710}.Debug|Any CPU.Build.0 = Debug|Any CPU
		{D56E6932-E2DE-441F-ACB4-6A55BFD22710}.Release|Any CPU.ActiveCfg = Release|Any CPU
		{D56E6932-E2DE-441F-ACB4-6A55BFD22710}.Release|Any CPU.Build.0 = Release|Any CPU
		{9C52157F-AEBA-4397-A8F9-D8C816BAEA47}.Debug|Any CPU.ActiveCfg = Debug|Any CPU
		{9C52157F-AEBA-4397-A8F9-D8C816BAEA47}.Debug|Any CPU.Build.0 = Debug|Any CPU
		{9C52157F-AEBA-4397-A8F9-D8C816BAEA47}.Release|Any CPU.ActiveCfg = Release|Any CPU
		{9C52157F-AEBA-4397-A8F9-D8C816BAEA47}.Release|Any CPU.Build.0 = Release|Any CPU
		{C3672AB3-D85D-4197-AA64-EE3D5F55E08A}.Debug|Any CPU.ActiveCfg = Debug|Any CPU
		{C3672AB3-D85D-4197-AA64-EE3D5F55E08A}.Debug|Any CPU.Build.0 = Debug|Any CPU
		{C3672AB3-D85D-4197-AA64-EE3D5F55E08A}.Release|Any CPU.ActiveCfg = Release|Any CPU
		{C3672AB3-D85D-4197-AA64-EE3D5F55E08A}.Release|Any CPU.Build.0 = Release|Any CPU
	EndGlobalSection
	GlobalSection(SolutionProperties) = preSolution
		HideSolutionNode = FALSE
	EndGlobalSection
	GlobalSection(ExtensibilityGlobals) = postSolution
		SolutionGuid = {1224CC29-99B6-4F4A-93E0-7269C8BBDE41}
	EndGlobalSection
EndGlobal
