
Microsoft Visual Studio Solution File, Format Version 12.00
# Visual Studio Version 17
VisualStudioVersion = 17.14.36616.10
MinimumVisualStudioVersion = 10.0.40219.1
Project("{FAE04EC0-301F-11D3-BF4B-00C04F79EFBC}") = "MyGuitarShop.Api", "MyGuitarShop.Api\MyGuitarShop.Api.csproj", "{D56E6932-E2DE-441F-ACB4-6A55BFD22710}"
EndProject
Project("{FAE04EC0-301F-11D3-BF4B-00C04F79EFBC}") = "MyGuitarShop.Common", "MyGuitarShop.Common\MyGuitarShop.Common.csproj", "{9C52157F-AEBA-4397-A8F9-D8C816BAEA47}"
EndProject
Project("{FAE04EC0-301F-11D3-BF4B-00C04F79EFBC}") = "MyGuitarShop.Data.Ado", "MyGuitarShop.Data.Ado\MyGuitarShop.Data.Ado.csproj", "{C3672AB3-D85D-4197-AA64-EE3D5F55E08A}"
EndProject
Project("{FAE04EC0-301F-11D3-BF4B-00C04F79EFBC}") = "MyGuitarShop.Data.EFCore", "MyGuitarShop.Data.EFCore\MyGuitarShop.Data.EFCore.csproj", "{81D70C17-2F7A-4ED5-A41B-BCE792E30546}"
EndProject
Project("{FAE04EC0-301F-11D3-BF4B-00C04F79EFBC}") = "MyGuitarShop.Data.MongoDb", "MyGuitarShop.Data.MongoDb\MyGuitarShop.Data.MongoDb.csproj", "{3326BC5A-F614-45DC-ADF7-267873FF9DA5}"
EndProject
Global
	GlobalSection(SolutionConfigurationPlatforms) = preSolution
		Debug|Any CPU = Debug|Any CPU
		Debug|x64 = Debug|x64
		Debug|x86 = Debug|x86
		Release|Any CPU = Release|Any CPU
		Release|x64 = Release|x64
		Release|x86 = Release|x86
	EndGlobalSection
	GlobalSection(ProjectConfigurationPlatforms) = postSolution
		{D56E6932-E2DE-441F-ACB4-6A55BFD22710}.Debug|Any CPU.ActiveCfg = Debug|Any CPU
		{D56E6932-E2DE-441F-ACB4-6A55BFD22710}.Debug|Any CPU.Build.0 = Debug|Any CPU
		{D56E6932-E2DE-441F-ACB4-6A55BFD22710}.Debug|x64.ActiveCfg = Debug|Any CPU
		{D56E6932-E2DE-441F-ACB4-6A55BFD22710}.Debug|x64.Build.0 = Debug|Any CPU
		{D56E6932-E2DE-441F-ACB4-6A55BFD22710}.Debug|x86.ActiveCfg = Debug|Any CPU
		{D56E6932-E2DE-441F-ACB4-6A55BFD22710}.Debug|x86.Build.0 = Debug|Any CPU
		{D56E6932-E2DE-441F-ACB4-6A55BFD22710}.Release|Any CPU.ActiveCfg = Release|Any CPU
		{D56E6932-E2DE-441F-ACB4-6A55BFD22710}.Release|Any CPU.Build.0 = Release|Any CPU
		{D56E6932-E2DE-441F-ACB4-6A55BFD22710}.Release|x64.ActiveCfg = Release|Any CPU
		{D56E6932-E2DE-441F-ACB4-6A55BFD22710}.Release|x64.Build.0 = Release|Any CPU
		{D56E6932-E2DE-441F-ACB4-6A55BFD22710}.Release|x86.ActiveCfg = Release|Any CPU
		{D56E6932-E2DE-441F-ACB4-6A55BFD22710}.Release|x86.Build.0 = Release|Any CPU
		{9C52157F-AEBA-4397-A8F9-D8C816BAEA47}.Debug|Any CPU.ActiveCfg = Debug|Any CPU
		{9C52157F-AEBA-4397-A8F9-D8C816BAEA47}.Debug|Any CPU.Build.0 = Debug|Any CPU
		{9C52157F-AEBA-4397-A8F9-D8C816BAEA47}.Debug|x64.ActiveCfg = Debug|Any CPU
		{9C52157F-AEBA-4397-A8F9-D8C816BAEA47}.Debug|x64.Build.0 = Debug|Any CPU
		{9C52157F-AEBA-4397-A8F9-D8C816BAEA47}.Debug|x86.ActiveCfg = Debug|Any CPU
		{9C52157F-AEBA-4397-A8F9-D8C816BAEA47}.Debug|x86.Build.0 = Debug|Any CPU
		{9C52157F-AEBA-4397-A8F9-D8C816BAEA47}.Release|Any CPU.ActiveCfg = Release|Any CPU
		{9C52157F-AEBA-4397-A8F9-D8C816BAEA47}.Release|Any CPU.Build.0 = Release|Any CPU
		{9C52157F-AEBA-4397-A8F9-D8C816BAEA47}.Release|x64.ActiveCfg = Release|Any CPU
		{9C52157F-AEBA-4397-A8F9-D8C816BAEA47}.Release|x64.Build.0 = Release|Any CPU
		{9C52157F-AEBA-4397-A8F9-D8C816BAEA47}.Release|x86.ActiveCfg = Release|Any CPU
		{9C52157F-AEBA-4397-A8F9-D8C816BAEA47}.Release|x86.Build.0 = Release|Any CPU
		{C3672AB3-D85D-4197-AA64-EE3D5F55E08A}.Debug|Any CPU.ActiveCfg = Debug|Any CPU
		{C3672AB3-D85D-4197-AA64-EE3D5F55E08A}.Debug|Any CPU.Build.0 = Debug|Any CPU
		{C3672AB3-D85D-4197-AA64-EE3D5F55E08A}.Debug|x64.ActiveCfg = Debug|Any CPU
		{C3672AB3-D85D-4197-AA64-EE3D5F55E08A}.Debug|x64.Build.0 = Debug|Any CPU
		{C3672AB3-D85D-4197-AA64-EE3D5F55E08A}.Debug|x86.ActiveCfg = Debug|Any CPU
		{C3672AB3-D85D-4197-AA64-EE3D5F55E08A}.Debug|x86.Build.0 = Debug|Any CPU
		{C3672AB3-D85D-4197-AA64-EE3D5F55E08A}.Release|Any CPU.ActiveCfg = Release|Any CPU
		{C3672AB3-D85D-4197-AA64-EE3D5F55E08A}.Release|Any CPU.Build.0 = Release|Any CPU
		{C3672AB3-D85D-4197-AA64-EE3D5F55E08A}.Release|x64.ActiveCfg = Release|Any CPU
		{C3672AB3-D85D-4197-AA64-EE3D5F55E08A}.Release|x64.Build.0 = Release|Any CPU
		{C3672AB3-D85D-4197-AA64-EE3D5F55E08A}.Release|x86.ActiveCfg = Release|Any CPU
		{C3672AB3-D85D-4197-AA64-EE3D5F55E08A}.Release|x86.Build.0 = Release|Any CPU
		{81D70C17-2F7A-4ED5-A41B-BCE792E30546}.Debug|Any CPU.ActiveCfg = Debug|Any CPU
		{81D70C17-2F7A-4ED5-A41B-BCE792E30546}.Debug|Any CPU.Build.0 = Debug|Any CPU
		{81D70C17-2F7A-4ED5-A41B-BCE792E30546}.Debug|x64.ActiveCfg = Debug|Any CPU
		{81D70C17-2F7A-4ED5-A41B-BCE792E30546}.Debug|x64.Build.0 = Debug|Any CPU
		{81D70C17-2F7A-4ED5-A41B-BCE792E30546}.Debug|x86.ActiveCfg = Debug|Any CPU
		{81D70C17-2F7A-4ED5-A41B-BCE792E30546}.Debug|x86.Build.0 = Debug|Any CPU
		{81D70C17-2F7A-4ED5-A41B-BCE792E30546}.Release|Any CPU.ActiveCfg = Release|Any CPU
		{81D70C17-2F7A-4ED5-A41B-BCE792E30546}.Release|Any CPU.Build.0 = Release|Any CPU
		{81D70C17-2F7A-4ED5-A41B-BCE792E30546}.Release|x64.ActiveCfg = Release|Any CPU
		{81D70C17-2F7A-4ED5-A41B-BCE792E30546}.Release|x64.Build.0 = Release|Any CPU
		{81D70C17-2F7A-4ED5-A41B-BCE792E30546}.Release|x86.ActiveCfg = Release|Any CPU
		{81D70C17-2F7A-4ED5-A41B-BCE792E30546}.Release|x86.Build.0 = Release|Any CPU
		{3326BC5A-F614-45DC-ADF7-267873FF9DA5}.Debug|Any CPU.ActiveCfg = Debug|Any CPU
		{3326BC5A-F614-45DC-ADF7-267873FF9DA5}.Debug|Any CPU.Build.0 = Debug|Any CPU
		{3326BC5A-F614-45DC-ADF7-267873FF9DA5}.Debug|x64.ActiveCfg = Debug|Any CPU
		{3326BC5A-F614-45DC-ADF7-267873FF9DA5}.Debug|x64.Build.0 = Debug|Any CPU
		{3326BC5A-F614-45DC-ADF7-267873FF9DA5}.Debug|x86.ActiveCfg = Debug|Any CPU
		{3326BC5A-F614-45DC-ADF7-267873FF9DA5}.Debug|x86.Build.0 = Debug|Any CPU
		{3326BC5A-F614-45DC-ADF7-267873FF9DA5}.Release|Any CPU.ActiveCfg = Release|Any CPU
		{3326BC5A-F614-45DC-ADF7-267873FF9DA5}.Release|Any CPU.Build.0 = Release|Any CPU
		{3326BC5A-F614-45DC-ADF7-267873FF9DA5}.Release|x64.ActiveCfg = Release|Any CPU
		{3326BC5A-F614-45DC-ADF7-267873FF9DA5}.Release|x64.Build.0 = Release|Any CPU
		{3326BC5A-F614-45DC-ADF7-267873FF9DA5}.Release|x86.ActiveCfg = Release|Any CPU
		{3326BC5A-F614-45DC-ADF7-267873FF9DA5}.Release|x86.Build.0 = Release|Any CPU
	EndGlobalSection
	GlobalSection(SolutionProperties) = preSolution
		HideSolutionNode = FALSE
	EndGlobalSection
	GlobalSection(ExtensibilityGlobals) = postSolution
		SolutionGuid = {1224CC29-99B6-4F4A-93E0-7269C8BBDE41}
	EndGlobalSection
EndGlobal
